
Microsoft Visual Studio Solution File, Format Version 11.00
# Visual Studio 2010
Project("{FAE04EC0-301F-11D3-BF4B-00C04F79EFBC}") = "AdminOpciones", "AdminOpciones\AdminOpciones.csproj", "{EBEB155D-E48B-4088-9324-1CB93BE4AA22}"
EndProject
Project("{FAE04EC0-301F-11D3-BF4B-00C04F79EFBC}") = "AdminOpciones.Web", "AdminOpciones.Web\AdminOpciones.Web.csproj", "{21CCE710-5BFC-44FD-9965-740B81DF71FC}"
	ProjectSection(ProjectDependencies) = postProject
		{06930E80-E55C-49FE-99CE-714F0292113C} = {06930E80-E55C-49FE-99CE-714F0292113C}
		{810018AA-F9FA-4A84-85BF-4316B416DCC7} = {810018AA-F9FA-4A84-85BF-4316B416DCC7}
	EndProjectSection
EndProject
Project("{FAE04EC0-301F-11D3-BF4B-00C04F79EFBC}") = "cConnectionDB", "cConnectionDB\cConnectionDB.csproj", "{3F61B73C-B003-4026-BCDE-B37AE86EFB69}"
EndProject
Project("{FAE04EC0-301F-11D3-BF4B-00C04F79EFBC}") = "cData", "cData\cData.csproj", "{A2E10FAB-D118-4ECF-8054-F7147048FE65}"
EndProject
Project("{FAE04EC0-301F-11D3-BF4B-00C04F79EFBC}") = "AdminOpcionesTool", "AdminOpcionesTool\AdminOpcionesTool.csproj", "{810018AA-F9FA-4A84-85BF-4316B416DCC7}"
EndProject
Project("{FAE04EC0-301F-11D3-BF4B-00C04F79EFBC}") = "cFinancialTools", "cFinancialTools\cFinancialTools.csproj", "{06930E80-E55C-49FE-99CE-714F0292113C}"
	ProjectSection(ProjectDependencies) = postProject
		{52C2567A-8B2E-4D36-A591-08DBBE71AAD2} = {52C2567A-8B2E-4D36-A591-08DBBE71AAD2}
	EndProjectSection
EndProject
Project("{FAE04EC0-301F-11D3-BF4B-00C04F79EFBC}") = "Turing2009Data", "Turing2009Data\Turing2009Data.csproj", "{52C2567A-8B2E-4D36-A591-08DBBE71AAD2}"
EndProject
Project("{FAE04EC0-301F-11D3-BF4B-00C04F79EFBC}") = "Turing2009Definitions", "Turing2009Definitions\Turing2009Definitions.csproj", "{18E5D0F5-EBF9-42A9-9AF3-55EAC7F04FD1}"
EndProject
Project("{FAE04EC0-301F-11D3-BF4B-00C04F79EFBC}") = "Turing2009Connect", "Turing2009Connect\Turing2009Connect.csproj", "{C92C2E57-7CDE-422C-9838-3AF9348762FF}"
EndProject
Project("{FAE04EC0-301F-11D3-BF4B-00C04F79EFBC}") = "AdminOpcionesEncript", "AdminOpcionesEncript\AdminOpcionesEncript.csproj", "{E9F128FD-A541-42B0-9880-F067FAB8B490}"
EndProject
Global
	GlobalSection(SolutionConfigurationPlatforms) = preSolution
		Debug|Any CPU = Debug|Any CPU
		Debug|x64 = Debug|x64
		Debug|x86 = Debug|x86
		DEBUG2|Any CPU = DEBUG2|Any CPU
		DEBUG2|x64 = DEBUG2|x64
		DEBUG2|x86 = DEBUG2|x86
		DESARROLLO|Any CPU = DESARROLLO|Any CPU
		DESARROLLO|x64 = DESARROLLO|x64
		DESARROLLO|x86 = DESARROLLO|x86
		MARTE|Any CPU = MARTE|Any CPU
		MARTE|x64 = MARTE|x64
		MARTE|x86 = MARTE|x86
		PRODUCCION|Any CPU = PRODUCCION|Any CPU
		PRODUCCION|x64 = PRODUCCION|x64
		PRODUCCION|x86 = PRODUCCION|x86
		QATECNICO|Any CPU = QATECNICO|Any CPU
		QATECNICO|x64 = QATECNICO|x64
		QATECNICO|x86 = QATECNICO|x86
		Release|Any CPU = Release|Any CPU
		Release|x64 = Release|x64
		Release|x86 = Release|x86
		URANO|Any CPU = URANO|Any CPU
		URANO|x64 = URANO|x64
		URANO|x86 = URANO|x86
	EndGlobalSection
	GlobalSection(ProjectConfigurationPlatforms) = postSolution
		{EBEB155D-E48B-4088-9324-1CB93BE4AA22}.Debug|Any CPU.ActiveCfg = Debug|Any CPU
		{EBEB155D-E48B-4088-9324-1CB93BE4AA22}.Debug|Any CPU.Build.0 = Debug|Any CPU
		{EBEB155D-E48B-4088-9324-1CB93BE4AA22}.Debug|x64.ActiveCfg = Debug|x64
		{EBEB155D-E48B-4088-9324-1CB93BE4AA22}.Debug|x64.Build.0 = Debug|x64
		{EBEB155D-E48B-4088-9324-1CB93BE4AA22}.Debug|x86.ActiveCfg = Debug|x86
		{EBEB155D-E48B-4088-9324-1CB93BE4AA22}.Debug|x86.Build.0 = Debug|x86
		{EBEB155D-E48B-4088-9324-1CB93BE4AA22}.DEBUG2|Any CPU.ActiveCfg = Debug|Any CPU
		{EBEB155D-E48B-4088-9324-1CB93BE4AA22}.DEBUG2|Any CPU.Build.0 = Debug|Any CPU
		{EBEB155D-E48B-4088-9324-1CB93BE4AA22}.DEBUG2|x64.ActiveCfg = Debug|x64
		{EBEB155D-E48B-4088-9324-1CB93BE4AA22}.DEBUG2|x64.Build.0 = Debug|x64
		{EBEB155D-E48B-4088-9324-1CB93BE4AA22}.DEBUG2|x86.ActiveCfg = Debug|x86
		{EBEB155D-E48B-4088-9324-1CB93BE4AA22}.DEBUG2|x86.Build.0 = Debug|x86
		{EBEB155D-E48B-4088-9324-1CB93BE4AA22}.DESARROLLO|Any CPU.ActiveCfg = Debug|Any CPU
		{EBEB155D-E48B-4088-9324-1CB93BE4AA22}.DESARROLLO|Any CPU.Build.0 = Debug|Any CPU
		{EBEB155D-E48B-4088-9324-1CB93BE4AA22}.DESARROLLO|x64.ActiveCfg = Debug|x64
		{EBEB155D-E48B-4088-9324-1CB93BE4AA22}.DESARROLLO|x64.Build.0 = Debug|x64
		{EBEB155D-E48B-4088-9324-1CB93BE4AA22}.DESARROLLO|x86.ActiveCfg = Debug|x86
		{EBEB155D-E48B-4088-9324-1CB93BE4AA22}.DESARROLLO|x86.Build.0 = Debug|x86
		{EBEB155D-E48B-4088-9324-1CB93BE4AA22}.MARTE|Any CPU.ActiveCfg = Release|Any CPU
		{EBEB155D-E48B-4088-9324-1CB93BE4AA22}.MARTE|Any CPU.Build.0 = Release|Any CPU
		{EBEB155D-E48B-4088-9324-1CB93BE4AA22}.MARTE|x64.ActiveCfg = Release|x64
		{EBEB155D-E48B-4088-9324-1CB93BE4AA22}.MARTE|x64.Build.0 = Release|x64
		{EBEB155D-E48B-4088-9324-1CB93BE4AA22}.MARTE|x86.ActiveCfg = Release|x86
		{EBEB155D-E48B-4088-9324-1CB93BE4AA22}.MARTE|x86.Build.0 = Release|x86
		{EBEB155D-E48B-4088-9324-1CB93BE4AA22}.PRODUCCION|Any CPU.ActiveCfg = Release|Any CPU
		{EBEB155D-E48B-4088-9324-1CB93BE4AA22}.PRODUCCION|Any CPU.Build.0 = Release|Any CPU
		{EBEB155D-E48B-4088-9324-1CB93BE4AA22}.PRODUCCION|x64.ActiveCfg = Release|x64
		{EBEB155D-E48B-4088-9324-1CB93BE4AA22}.PRODUCCION|x64.Build.0 = Release|x64
		{EBEB155D-E48B-4088-9324-1CB93BE4AA22}.PRODUCCION|x86.ActiveCfg = Release|x86
		{EBEB155D-E48B-4088-9324-1CB93BE4AA22}.PRODUCCION|x86.Build.0 = Release|x86
		{EBEB155D-E48B-4088-9324-1CB93BE4AA22}.QATECNICO|Any CPU.ActiveCfg = Release|Any CPU
		{EBEB155D-E48B-4088-9324-1CB93BE4AA22}.QATECNICO|Any CPU.Build.0 = Release|Any CPU
		{EBEB155D-E48B-4088-9324-1CB93BE4AA22}.QATECNICO|x64.ActiveCfg = Release|x64
		{EBEB155D-E48B-4088-9324-1CB93BE4AA22}.QATECNICO|x64.Build.0 = Release|x64
		{EBEB155D-E48B-4088-9324-1CB93BE4AA22}.QATECNICO|x86.ActiveCfg = Release|x86
		{EBEB155D-E48B-4088-9324-1CB93BE4AA22}.QATECNICO|x86.Build.0 = Release|x86
		{EBEB155D-E48B-4088-9324-1CB93BE4AA22}.Release|Any CPU.ActiveCfg = Release|Any CPU
		{EBEB155D-E48B-4088-9324-1CB93BE4AA22}.Release|Any CPU.Build.0 = Release|Any CPU
		{EBEB155D-E48B-4088-9324-1CB93BE4AA22}.Release|x64.ActiveCfg = Release|x64
		{EBEB155D-E48B-4088-9324-1CB93BE4AA22}.Release|x64.Build.0 = Release|x64
		{EBEB155D-E48B-4088-9324-1CB93BE4AA22}.Release|x86.ActiveCfg = Release|x86
		{EBEB155D-E48B-4088-9324-1CB93BE4AA22}.Release|x86.Build.0 = Release|x86
		{EBEB155D-E48B-4088-9324-1CB93BE4AA22}.URANO|Any CPU.ActiveCfg = Release|Any CPU
		{EBEB155D-E48B-4088-9324-1CB93BE4AA22}.URANO|Any CPU.Build.0 = Release|Any CPU
		{EBEB155D-E48B-4088-9324-1CB93BE4AA22}.URANO|x64.ActiveCfg = Release|x64
		{EBEB155D-E48B-4088-9324-1CB93BE4AA22}.URANO|x64.Build.0 = Release|x64
		{EBEB155D-E48B-4088-9324-1CB93BE4AA22}.URANO|x86.ActiveCfg = Release|x86
		{EBEB155D-E48B-4088-9324-1CB93BE4AA22}.URANO|x86.Build.0 = Release|x86
		{21CCE710-5BFC-44FD-9965-740B81DF71FC}.Debug|Any CPU.ActiveCfg = Debug|Any CPU
		{21CCE710-5BFC-44FD-9965-740B81DF71FC}.Debug|Any CPU.Build.0 = Debug|Any CPU
		{21CCE710-5BFC-44FD-9965-740B81DF71FC}.Debug|x64.ActiveCfg = Debug|x64
		{21CCE710-5BFC-44FD-9965-740B81DF71FC}.Debug|x64.Build.0 = Debug|x64
		{21CCE710-5BFC-44FD-9965-740B81DF71FC}.Debug|x86.ActiveCfg = Debug|x86
		{21CCE710-5BFC-44FD-9965-740B81DF71FC}.Debug|x86.Build.0 = Debug|x86
		{21CCE710-5BFC-44FD-9965-740B81DF71FC}.DEBUG2|Any CPU.ActiveCfg = Debug|Any CPU
		{21CCE710-5BFC-44FD-9965-740B81DF71FC}.DEBUG2|Any CPU.Build.0 = Debug|Any CPU
		{21CCE710-5BFC-44FD-9965-740B81DF71FC}.DEBUG2|x64.ActiveCfg = Debug|x64
		{21CCE710-5BFC-44FD-9965-740B81DF71FC}.DEBUG2|x64.Build.0 = Debug|x64
		{21CCE710-5BFC-44FD-9965-740B81DF71FC}.DEBUG2|x86.ActiveCfg = Debug|x86
		{21CCE710-5BFC-44FD-9965-740B81DF71FC}.DEBUG2|x86.Build.0 = Debug|x86
		{21CCE710-5BFC-44FD-9965-740B81DF71FC}.DESARROLLO|Any CPU.ActiveCfg = Debug|Any CPU
		{21CCE710-5BFC-44FD-9965-740B81DF71FC}.DESARROLLO|Any CPU.Build.0 = Debug|Any CPU
		{21CCE710-5BFC-44FD-9965-740B81DF71FC}.DESARROLLO|x64.ActiveCfg = Debug|x64
		{21CCE710-5BFC-44FD-9965-740B81DF71FC}.DESARROLLO|x64.Build.0 = Debug|x64
		{21CCE710-5BFC-44FD-9965-740B81DF71FC}.DESARROLLO|x86.ActiveCfg = Debug|x86
		{21CCE710-5BFC-44FD-9965-740B81DF71FC}.DESARROLLO|x86.Build.0 = Debug|x86
		{21CCE710-5BFC-44FD-9965-740B81DF71FC}.MARTE|Any CPU.ActiveCfg = Release|Any CPU
		{21CCE710-5BFC-44FD-9965-740B81DF71FC}.MARTE|Any CPU.Build.0 = Release|Any CPU
		{21CCE710-5BFC-44FD-9965-740B81DF71FC}.MARTE|x64.ActiveCfg = Release|x64
		{21CCE710-5BFC-44FD-9965-740B81DF71FC}.MARTE|x64.Build.0 = Release|x64
		{21CCE710-5BFC-44FD-9965-740B81DF71FC}.MARTE|x86.ActiveCfg = Release|x86
		{21CCE710-5BFC-44FD-9965-740B81DF71FC}.MARTE|x86.Build.0 = Release|x86
		{21CCE710-5BFC-44FD-9965-740B81DF71FC}.PRODUCCION|Any CPU.ActiveCfg = Release|Any CPU
		{21CCE710-5BFC-44FD-9965-740B81DF71FC}.PRODUCCION|Any CPU.Build.0 = Release|Any CPU
		{21CCE710-5BFC-44FD-9965-740B81DF71FC}.PRODUCCION|x64.ActiveCfg = Release|x64
		{21CCE710-5BFC-44FD-9965-740B81DF71FC}.PRODUCCION|x64.Build.0 = Release|x64
		{21CCE710-5BFC-44FD-9965-740B81DF71FC}.PRODUCCION|x86.ActiveCfg = Release|x86
		{21CCE710-5BFC-44FD-9965-740B81DF71FC}.PRODUCCION|x86.Build.0 = Release|x86
		{21CCE710-5BFC-44FD-9965-740B81DF71FC}.QATECNICO|Any CPU.ActiveCfg = Release|Any CPU
		{21CCE710-5BFC-44FD-9965-740B81DF71FC}.QATECNICO|Any CPU.Build.0 = Release|Any CPU
		{21CCE710-5BFC-44FD-9965-740B81DF71FC}.QATECNICO|x64.ActiveCfg = Release|x64
		{21CCE710-5BFC-44FD-9965-740B81DF71FC}.QATECNICO|x64.Build.0 = Release|x64
		{21CCE710-5BFC-44FD-9965-740B81DF71FC}.QATECNICO|x86.ActiveCfg = Release|x86
		{21CCE710-5BFC-44FD-9965-740B81DF71FC}.QATECNICO|x86.Build.0 = Release|x86
		{21CCE710-5BFC-44FD-9965-740B81DF71FC}.Release|Any CPU.ActiveCfg = Release|Any CPU
		{21CCE710-5BFC-44FD-9965-740B81DF71FC}.Release|Any CPU.Build.0 = Release|Any CPU
		{21CCE710-5BFC-44FD-9965-740B81DF71FC}.Release|x64.ActiveCfg = Release|x64
		{21CCE710-5BFC-44FD-9965-740B81DF71FC}.Release|x64.Build.0 = Release|x64
		{21CCE710-5BFC-44FD-9965-740B81DF71FC}.Release|x86.ActiveCfg = Release|x86
		{21CCE710-5BFC-44FD-9965-740B81DF71FC}.Release|x86.Build.0 = Release|x86
		{21CCE710-5BFC-44FD-9965-740B81DF71FC}.URANO|Any CPU.ActiveCfg = Release|Any CPU
		{21CCE710-5BFC-44FD-9965-740B81DF71FC}.URANO|Any CPU.Build.0 = Release|Any CPU
		{21CCE710-5BFC-44FD-9965-740B81DF71FC}.URANO|x64.ActiveCfg = Release|x64
		{21CCE710-5BFC-44FD-9965-740B81DF71FC}.URANO|x64.Build.0 = Release|x64
		{21CCE710-5BFC-44FD-9965-740B81DF71FC}.URANO|x86.ActiveCfg = Release|x86
		{21CCE710-5BFC-44FD-9965-740B81DF71FC}.URANO|x86.Build.0 = Release|x86
		{3F61B73C-B003-4026-BCDE-B37AE86EFB69}.Debug|Any CPU.ActiveCfg = Debug|Any CPU
		{3F61B73C-B003-4026-BCDE-B37AE86EFB69}.Debug|Any CPU.Build.0 = Debug|Any CPU
		{3F61B73C-B003-4026-BCDE-B37AE86EFB69}.Debug|x64.ActiveCfg = Debug|x64
		{3F61B73C-B003-4026-BCDE-B37AE86EFB69}.Debug|x64.Build.0 = Debug|x64
		{3F61B73C-B003-4026-BCDE-B37AE86EFB69}.Debug|x86.ActiveCfg = Debug|x86
		{3F61B73C-B003-4026-BCDE-B37AE86EFB69}.Debug|x86.Build.0 = Debug|x86
		{3F61B73C-B003-4026-BCDE-B37AE86EFB69}.DEBUG2|Any CPU.ActiveCfg = Debug|Any CPU
		{3F61B73C-B003-4026-BCDE-B37AE86EFB69}.DEBUG2|Any CPU.Build.0 = Debug|Any CPU
		{3F61B73C-B003-4026-BCDE-B37AE86EFB69}.DEBUG2|x64.ActiveCfg = Debug|x64
		{3F61B73C-B003-4026-BCDE-B37AE86EFB69}.DEBUG2|x64.Build.0 = Debug|x64
		{3F61B73C-B003-4026-BCDE-B37AE86EFB69}.DEBUG2|x86.ActiveCfg = Debug|x86
		{3F61B73C-B003-4026-BCDE-B37AE86EFB69}.DEBUG2|x86.Build.0 = Debug|x86
		{3F61B73C-B003-4026-BCDE-B37AE86EFB69}.DESARROLLO|Any CPU.ActiveCfg = Debug|Any CPU
		{3F61B73C-B003-4026-BCDE-B37AE86EFB69}.DESARROLLO|Any CPU.Build.0 = Debug|Any CPU
		{3F61B73C-B003-4026-BCDE-B37AE86EFB69}.DESARROLLO|x64.ActiveCfg = Debug|x64
		{3F61B73C-B003-4026-BCDE-B37AE86EFB69}.DESARROLLO|x64.Build.0 = Debug|x64
		{3F61B73C-B003-4026-BCDE-B37AE86EFB69}.DESARROLLO|x86.ActiveCfg = Debug|x86
		{3F61B73C-B003-4026-BCDE-B37AE86EFB69}.DESARROLLO|x86.Build.0 = Debug|x86
		{3F61B73C-B003-4026-BCDE-B37AE86EFB69}.MARTE|Any CPU.ActiveCfg = Release|Any CPU
		{3F61B73C-B003-4026-BCDE-B37AE86EFB69}.MARTE|Any CPU.Build.0 = Release|Any CPU
		{3F61B73C-B003-4026-BCDE-B37AE86EFB69}.MARTE|x64.ActiveCfg = Release|x64
		{3F61B73C-B003-4026-BCDE-B37AE86EFB69}.MARTE|x64.Build.0 = Release|x64
		{3F61B73C-B003-4026-BCDE-B37AE86EFB69}.MARTE|x86.ActiveCfg = Release|x86
		{3F61B73C-B003-4026-BCDE-B37AE86EFB69}.MARTE|x86.Build.0 = Release|x86
		{3F61B73C-B003-4026-BCDE-B37AE86EFB69}.PRODUCCION|Any CPU.ActiveCfg = Release|Any CPU
		{3F61B73C-B003-4026-BCDE-B37AE86EFB69}.PRODUCCION|Any CPU.Build.0 = Release|Any CPU
		{3F61B73C-B003-4026-BCDE-B37AE86EFB69}.PRODUCCION|x64.ActiveCfg = Release|x64
		{3F61B73C-B003-4026-BCDE-B37AE86EFB69}.PRODUCCION|x64.Build.0 = Release|x64
		{3F61B73C-B003-4026-BCDE-B37AE86EFB69}.PRODUCCION|x86.ActiveCfg = Release|x86
		{3F61B73C-B003-4026-BCDE-B37AE86EFB69}.PRODUCCION|x86.Build.0 = Release|x86
		{3F61B73C-B003-4026-BCDE-B37AE86EFB69}.QATECNICO|Any CPU.ActiveCfg = Release|Any CPU
		{3F61B73C-B003-4026-BCDE-B37AE86EFB69}.QATECNICO|Any CPU.Build.0 = Release|Any CPU
		{3F61B73C-B003-4026-BCDE-B37AE86EFB69}.QATECNICO|x64.ActiveCfg = Release|x64
		{3F61B73C-B003-4026-BCDE-B37AE86EFB69}.QATECNICO|x64.Build.0 = Release|x64
		{3F61B73C-B003-4026-BCDE-B37AE86EFB69}.QATECNICO|x86.ActiveCfg = Release|x86
		{3F61B73C-B003-4026-BCDE-B37AE86EFB69}.QATECNICO|x86.Build.0 = Release|x86
		{3F61B73C-B003-4026-BCDE-B37AE86EFB69}.Release|Any CPU.ActiveCfg = Release|Any CPU
		{3F61B73C-B003-4026-BCDE-B37AE86EFB69}.Release|Any CPU.Build.0 = Release|Any CPU
		{3F61B73C-B003-4026-BCDE-B37AE86EFB69}.Release|x64.ActiveCfg = Release|x64
		{3F61B73C-B003-4026-BCDE-B37AE86EFB69}.Release|x64.Build.0 = Release|x64
		{3F61B73C-B003-4026-BCDE-B37AE86EFB69}.Release|x86.ActiveCfg = Release|x86
		{3F61B73C-B003-4026-BCDE-B37AE86EFB69}.Release|x86.Build.0 = Release|x86
		{3F61B73C-B003-4026-BCDE-B37AE86EFB69}.URANO|Any CPU.ActiveCfg = Release|Any CPU
		{3F61B73C-B003-4026-BCDE-B37AE86EFB69}.URANO|Any CPU.Build.0 = Release|Any CPU
		{3F61B73C-B003-4026-BCDE-B37AE86EFB69}.URANO|x64.ActiveCfg = Release|x64
		{3F61B73C-B003-4026-BCDE-B37AE86EFB69}.URANO|x64.Build.0 = Release|x64
		{3F61B73C-B003-4026-BCDE-B37AE86EFB69}.URANO|x86.ActiveCfg = Release|x86
		{3F61B73C-B003-4026-BCDE-B37AE86EFB69}.URANO|x86.Build.0 = Release|x86
		{A2E10FAB-D118-4ECF-8054-F7147048FE65}.Debug|Any CPU.ActiveCfg = Debug|Any CPU
		{A2E10FAB-D118-4ECF-8054-F7147048FE65}.Debug|Any CPU.Build.0 = Debug|Any CPU
		{A2E10FAB-D118-4ECF-8054-F7147048FE65}.Debug|x64.ActiveCfg = Debug|x64
		{A2E10FAB-D118-4ECF-8054-F7147048FE65}.Debug|x64.Build.0 = Debug|x64
		{A2E10FAB-D118-4ECF-8054-F7147048FE65}.Debug|x86.ActiveCfg = Debug|x86
		{A2E10FAB-D118-4ECF-8054-F7147048FE65}.Debug|x86.Build.0 = Debug|x86
		{A2E10FAB-D118-4ECF-8054-F7147048FE65}.DEBUG2|Any CPU.ActiveCfg = Debug|Any CPU
		{A2E10FAB-D118-4ECF-8054-F7147048FE65}.DEBUG2|Any CPU.Build.0 = Debug|Any CPU
		{A2E10FAB-D118-4ECF-8054-F7147048FE65}.DEBUG2|x64.ActiveCfg = Debug|x64
		{A2E10FAB-D118-4ECF-8054-F7147048FE65}.DEBUG2|x64.Build.0 = Debug|x64
		{A2E10FAB-D118-4ECF-8054-F7147048FE65}.DEBUG2|x86.ActiveCfg = Debug|x86
		{A2E10FAB-D118-4ECF-8054-F7147048FE65}.DEBUG2|x86.Build.0 = Debug|x86
		{A2E10FAB-D118-4ECF-8054-F7147048FE65}.DESARROLLO|Any CPU.ActiveCfg = Debug|Any CPU
		{A2E10FAB-D118-4ECF-8054-F7147048FE65}.DESARROLLO|Any CPU.Build.0 = Debug|Any CPU
		{A2E10FAB-D118-4ECF-8054-F7147048FE65}.DESARROLLO|x64.ActiveCfg = Debug|x64
		{A2E10FAB-D118-4ECF-8054-F7147048FE65}.DESARROLLO|x64.Build.0 = Debug|x64
		{A2E10FAB-D118-4ECF-8054-F7147048FE65}.DESARROLLO|x86.ActiveCfg = Debug|x86
		{A2E10FAB-D118-4ECF-8054-F7147048FE65}.DESARROLLO|x86.Build.0 = Debug|x86
		{A2E10FAB-D118-4ECF-8054-F7147048FE65}.MARTE|Any CPU.ActiveCfg = Release|Any CPU
		{A2E10FAB-D118-4ECF-8054-F7147048FE65}.MARTE|Any CPU.Build.0 = Release|Any CPU
		{A2E10FAB-D118-4ECF-8054-F7147048FE65}.MARTE|x64.ActiveCfg = Release|x64
		{A2E10FAB-D118-4ECF-8054-F7147048FE65}.MARTE|x64.Build.0 = Release|x64
		{A2E10FAB-D118-4ECF-8054-F7147048FE65}.MARTE|x86.ActiveCfg = Release|x86
		{A2E10FAB-D118-4ECF-8054-F7147048FE65}.MARTE|x86.Build.0 = Release|x86
		{A2E10FAB-D118-4ECF-8054-F7147048FE65}.PRODUCCION|Any CPU.ActiveCfg = Release|Any CPU
		{A2E10FAB-D118-4ECF-8054-F7147048FE65}.PRODUCCION|Any CPU.Build.0 = Release|Any CPU
		{A2E10FAB-D118-4ECF-8054-F7147048FE65}.PRODUCCION|x64.ActiveCfg = Release|x64
		{A2E10FAB-D118-4ECF-8054-F7147048FE65}.PRODUCCION|x64.Build.0 = Release|x64
		{A2E10FAB-D118-4ECF-8054-F7147048FE65}.PRODUCCION|x86.ActiveCfg = Release|x86
		{A2E10FAB-D118-4ECF-8054-F7147048FE65}.PRODUCCION|x86.Build.0 = Release|x86
		{A2E10FAB-D118-4ECF-8054-F7147048FE65}.QATECNICO|Any CPU.ActiveCfg = Release|Any CPU
		{A2E10FAB-D118-4ECF-8054-F7147048FE65}.QATECNICO|Any CPU.Build.0 = Release|Any CPU
		{A2E10FAB-D118-4ECF-8054-F7147048FE65}.QATECNICO|x64.ActiveCfg = Release|x64
		{A2E10FAB-D118-4ECF-8054-F7147048FE65}.QATECNICO|x64.Build.0 = Release|x64
		{A2E10FAB-D118-4ECF-8054-F7147048FE65}.QATECNICO|x86.ActiveCfg = Release|x86
		{A2E10FAB-D118-4ECF-8054-F7147048FE65}.QATECNICO|x86.Build.0 = Release|x86
		{A2E10FAB-D118-4ECF-8054-F7147048FE65}.Release|Any CPU.ActiveCfg = Release|Any CPU
		{A2E10FAB-D118-4ECF-8054-F7147048FE65}.Release|Any CPU.Build.0 = Release|Any CPU
		{A2E10FAB-D118-4ECF-8054-F7147048FE65}.Release|x64.ActiveCfg = Release|x64
		{A2E10FAB-D118-4ECF-8054-F7147048FE65}.Release|x64.Build.0 = Release|x64
		{A2E10FAB-D118-4ECF-8054-F7147048FE65}.Release|x86.ActiveCfg = Release|x86
		{A2E10FAB-D118-4ECF-8054-F7147048FE65}.Release|x86.Build.0 = Release|x86
		{A2E10FAB-D118-4ECF-8054-F7147048FE65}.URANO|Any CPU.ActiveCfg = Release|Any CPU
		{A2E10FAB-D118-4ECF-8054-F7147048FE65}.URANO|Any CPU.Build.0 = Release|Any CPU
		{A2E10FAB-D118-4ECF-8054-F7147048FE65}.URANO|x64.ActiveCfg = Release|x64
		{A2E10FAB-D118-4ECF-8054-F7147048FE65}.URANO|x64.Build.0 = Release|x64
		{A2E10FAB-D118-4ECF-8054-F7147048FE65}.URANO|x86.ActiveCfg = Release|x86
		{A2E10FAB-D118-4ECF-8054-F7147048FE65}.URANO|x86.Build.0 = Release|x86
		{810018AA-F9FA-4A84-85BF-4316B416DCC7}.Debug|Any CPU.ActiveCfg = Debug|Any CPU
		{810018AA-F9FA-4A84-85BF-4316B416DCC7}.Debug|Any CPU.Build.0 = Debug|Any CPU
		{810018AA-F9FA-4A84-85BF-4316B416DCC7}.Debug|x64.ActiveCfg = Debug|x64
		{810018AA-F9FA-4A84-85BF-4316B416DCC7}.Debug|x64.Build.0 = Debug|x64
		{810018AA-F9FA-4A84-85BF-4316B416DCC7}.Debug|x86.ActiveCfg = Debug|x86
		{810018AA-F9FA-4A84-85BF-4316B416DCC7}.Debug|x86.Build.0 = Debug|x86
		{810018AA-F9FA-4A84-85BF-4316B416DCC7}.DEBUG2|Any CPU.ActiveCfg = Debug|Any CPU
		{810018AA-F9FA-4A84-85BF-4316B416DCC7}.DEBUG2|Any CPU.Build.0 = Debug|Any CPU
		{810018AA-F9FA-4A84-85BF-4316B416DCC7}.DEBUG2|x64.ActiveCfg = Debug|x64
		{810018AA-F9FA-4A84-85BF-4316B416DCC7}.DEBUG2|x64.Build.0 = Debug|x64
		{810018AA-F9FA-4A84-85BF-4316B416DCC7}.DEBUG2|x86.ActiveCfg = Debug|x86
		{810018AA-F9FA-4A84-85BF-4316B416DCC7}.DEBUG2|x86.Build.0 = Debug|x86
		{810018AA-F9FA-4A84-85BF-4316B416DCC7}.DESARROLLO|Any CPU.ActiveCfg = Debug|Any CPU
		{810018AA-F9FA-4A84-85BF-4316B416DCC7}.DESARROLLO|Any CPU.Build.0 = Debug|Any CPU
		{810018AA-F9FA-4A84-85BF-4316B416DCC7}.DESARROLLO|x64.ActiveCfg = Debug|x64
		{810018AA-F9FA-4A84-85BF-4316B416DCC7}.DESARROLLO|x64.Build.0 = Debug|x64
		{810018AA-F9FA-4A84-85BF-4316B416DCC7}.DESARROLLO|x86.ActiveCfg = Debug|x86
		{810018AA-F9FA-4A84-85BF-4316B416DCC7}.DESARROLLO|x86.Build.0 = Debug|x86
		{810018AA-F9FA-4A84-85BF-4316B416DCC7}.MARTE|Any CPU.ActiveCfg = Release|Any CPU
		{810018AA-F9FA-4A84-85BF-4316B416DCC7}.MARTE|Any CPU.Build.0 = Release|Any CPU
		{810018AA-F9FA-4A84-85BF-4316B416DCC7}.MARTE|x64.ActiveCfg = Release|x64
		{810018AA-F9FA-4A84-85BF-4316B416DCC7}.MARTE|x64.Build.0 = Release|x64
		{810018AA-F9FA-4A84-85BF-4316B416DCC7}.MARTE|x86.ActiveCfg = Release|x86
		{810018AA-F9FA-4A84-85BF-4316B416DCC7}.MARTE|x86.Build.0 = Release|x86
		{810018AA-F9FA-4A84-85BF-4316B416DCC7}.PRODUCCION|Any CPU.ActiveCfg = Release|Any CPU
		{810018AA-F9FA-4A84-85BF-4316B416DCC7}.PRODUCCION|Any CPU.Build.0 = Release|Any CPU
		{810018AA-F9FA-4A84-85BF-4316B416DCC7}.PRODUCCION|x64.ActiveCfg = Release|x64
		{810018AA-F9FA-4A84-85BF-4316B416DCC7}.PRODUCCION|x64.Build.0 = Release|x64
		{810018AA-F9FA-4A84-85BF-4316B416DCC7}.PRODUCCION|x86.ActiveCfg = Release|x86
		{810018AA-F9FA-4A84-85BF-4316B416DCC7}.PRODUCCION|x86.Build.0 = Release|x86
		{810018AA-F9FA-4A84-85BF-4316B416DCC7}.QATECNICO|Any CPU.ActiveCfg = Release|Any CPU
		{810018AA-F9FA-4A84-85BF-4316B416DCC7}.QATECNICO|Any CPU.Build.0 = Release|Any CPU
		{810018AA-F9FA-4A84-85BF-4316B416DCC7}.QATECNICO|x64.ActiveCfg = Release|x64
		{810018AA-F9FA-4A84-85BF-4316B416DCC7}.QATECNICO|x64.Build.0 = Release|x64
		{810018AA-F9FA-4A84-85BF-4316B416DCC7}.QATECNICO|x86.ActiveCfg = Release|x86
		{810018AA-F9FA-4A84-85BF-4316B416DCC7}.QATECNICO|x86.Build.0 = Release|x86
		{810018AA-F9FA-4A84-85BF-4316B416DCC7}.Release|Any CPU.ActiveCfg = Release|Any CPU
		{810018AA-F9FA-4A84-85BF-4316B416DCC7}.Release|Any CPU.Build.0 = Release|Any CPU
		{810018AA-F9FA-4A84-85BF-4316B416DCC7}.Release|x64.ActiveCfg = Release|x64
		{810018AA-F9FA-4A84-85BF-4316B416DCC7}.Release|x64.Build.0 = Release|x64
		{810018AA-F9FA-4A84-85BF-4316B416DCC7}.Release|x86.ActiveCfg = Release|x86
		{810018AA-F9FA-4A84-85BF-4316B416DCC7}.Release|x86.Build.0 = Release|x86
		{810018AA-F9FA-4A84-85BF-4316B416DCC7}.URANO|Any CPU.ActiveCfg = Release|Any CPU
		{810018AA-F9FA-4A84-85BF-4316B416DCC7}.URANO|Any CPU.Build.0 = Release|Any CPU
		{810018AA-F9FA-4A84-85BF-4316B416DCC7}.URANO|x64.ActiveCfg = Release|x64
		{810018AA-F9FA-4A84-85BF-4316B416DCC7}.URANO|x64.Build.0 = Release|x64
		{810018AA-F9FA-4A84-85BF-4316B416DCC7}.URANO|x86.ActiveCfg = Release|x86
		{810018AA-F9FA-4A84-85BF-4316B416DCC7}.URANO|x86.Build.0 = Release|x86
		{06930E80-E55C-49FE-99CE-714F0292113C}.Debug|Any CPU.ActiveCfg = Debug|Any CPU
		{06930E80-E55C-49FE-99CE-714F0292113C}.Debug|Any CPU.Build.0 = Debug|Any CPU
		{06930E80-E55C-49FE-99CE-714F0292113C}.Debug|x64.ActiveCfg = Debug|x64
		{06930E80-E55C-49FE-99CE-714F0292113C}.Debug|x64.Build.0 = Debug|x64
		{06930E80-E55C-49FE-99CE-714F0292113C}.Debug|x86.ActiveCfg = Debug|x86
		{06930E80-E55C-49FE-99CE-714F0292113C}.Debug|x86.Build.0 = Debug|x86
		{06930E80-E55C-49FE-99CE-714F0292113C}.DEBUG2|Any CPU.ActiveCfg = Debug|Any CPU
		{06930E80-E55C-49FE-99CE-714F0292113C}.DEBUG2|Any CPU.Build.0 = Debug|Any CPU
		{06930E80-E55C-49FE-99CE-714F0292113C}.DEBUG2|x64.ActiveCfg = Debug|x64
		{06930E80-E55C-49FE-99CE-714F0292113C}.DEBUG2|x64.Build.0 = Debug|x64
		{06930E80-E55C-49FE-99CE-714F0292113C}.DEBUG2|x86.ActiveCfg = Debug|x86
		{06930E80-E55C-49FE-99CE-714F0292113C}.DEBUG2|x86.Build.0 = Debug|x86
		{06930E80-E55C-49FE-99CE-714F0292113C}.DESARROLLO|Any CPU.ActiveCfg = Debug|Any CPU
		{06930E80-E55C-49FE-99CE-714F0292113C}.DESARROLLO|Any CPU.Build.0 = Debug|Any CPU
		{06930E80-E55C-49FE-99CE-714F0292113C}.DESARROLLO|x64.ActiveCfg = Debug|x64
		{06930E80-E55C-49FE-99CE-714F0292113C}.DESARROLLO|x64.Build.0 = Debug|x64
		{06930E80-E55C-49FE-99CE-714F0292113C}.DESARROLLO|x86.ActiveCfg = Debug|x86
		{06930E80-E55C-49FE-99CE-714F0292113C}.DESARROLLO|x86.Build.0 = Debug|x86
		{06930E80-E55C-49FE-99CE-714F0292113C}.MARTE|Any CPU.ActiveCfg = Release|Any CPU
		{06930E80-E55C-49FE-99CE-714F0292113C}.MARTE|Any CPU.Build.0 = Release|Any CPU
		{06930E80-E55C-49FE-99CE-714F0292113C}.MARTE|x64.ActiveCfg = Release|x64
		{06930E80-E55C-49FE-99CE-714F0292113C}.MARTE|x64.Build.0 = Release|x64
		{06930E80-E55C-49FE-99CE-714F0292113C}.MARTE|x86.ActiveCfg = Release|x86
		{06930E80-E55C-49FE-99CE-714F0292113C}.MARTE|x86.Build.0 = Release|x86
		{06930E80-E55C-49FE-99CE-714F0292113C}.PRODUCCION|Any CPU.ActiveCfg = Release|Any CPU
		{06930E80-E55C-49FE-99CE-714F0292113C}.PRODUCCION|Any CPU.Build.0 = Release|Any CPU
		{06930E80-E55C-49FE-99CE-714F0292113C}.PRODUCCION|x64.ActiveCfg = Release|x64
		{06930E80-E55C-49FE-99CE-714F0292113C}.PRODUCCION|x64.Build.0 = Release|x64
		{06930E80-E55C-49FE-99CE-714F0292113C}.PRODUCCION|x86.ActiveCfg = Release|x86
		{06930E80-E55C-49FE-99CE-714F0292113C}.PRODUCCION|x86.Build.0 = Release|x86
		{06930E80-E55C-49FE-99CE-714F0292113C}.QATECNICO|Any CPU.ActiveCfg = Release|Any CPU
		{06930E80-E55C-49FE-99CE-714F0292113C}.QATECNICO|Any CPU.Build.0 = Release|Any CPU
		{06930E80-E55C-49FE-99CE-714F0292113C}.QATECNICO|x64.ActiveCfg = Release|x64
		{06930E80-E55C-49FE-99CE-714F0292113C}.QATECNICO|x64.Build.0 = Release|x64
		{06930E80-E55C-49FE-99CE-714F0292113C}.QATECNICO|x86.ActiveCfg = Release|x86
		{06930E80-E55C-49FE-99CE-714F0292113C}.QATECNICO|x86.Build.0 = Release|x86
		{06930E80-E55C-49FE-99CE-714F0292113C}.Release|Any CPU.ActiveCfg = Release|Any CPU
		{06930E80-E55C-49FE-99CE-714F0292113C}.Release|Any CPU.Build.0 = Release|Any CPU
		{06930E80-E55C-49FE-99CE-714F0292113C}.Release|x64.ActiveCfg = Release|x64
		{06930E80-E55C-49FE-99CE-714F0292113C}.Release|x64.Build.0 = Release|x64
		{06930E80-E55C-49FE-99CE-714F0292113C}.Release|x86.ActiveCfg = Release|x86
		{06930E80-E55C-49FE-99CE-714F0292113C}.Release|x86.Build.0 = Release|x86
		{06930E80-E55C-49FE-99CE-714F0292113C}.URANO|Any CPU.ActiveCfg = Release|Any CPU
		{06930E80-E55C-49FE-99CE-714F0292113C}.URANO|Any CPU.Build.0 = Release|Any CPU
		{06930E80-E55C-49FE-99CE-714F0292113C}.URANO|x64.ActiveCfg = Release|x64
		{06930E80-E55C-49FE-99CE-714F0292113C}.URANO|x64.Build.0 = Release|x64
		{06930E80-E55C-49FE-99CE-714F0292113C}.URANO|x86.ActiveCfg = Release|x86
		{06930E80-E55C-49FE-99CE-714F0292113C}.URANO|x86.Build.0 = Release|x86
		{52C2567A-8B2E-4D36-A591-08DBBE71AAD2}.Debug|Any CPU.ActiveCfg = Debug|Any CPU
		{52C2567A-8B2E-4D36-A591-08DBBE71AAD2}.Debug|Any CPU.Build.0 = Debug|Any CPU
		{52C2567A-8B2E-4D36-A591-08DBBE71AAD2}.Debug|x64.ActiveCfg = Debug|x64
		{52C2567A-8B2E-4D36-A591-08DBBE71AAD2}.Debug|x64.Build.0 = Debug|x64
		{52C2567A-8B2E-4D36-A591-08DBBE71AAD2}.Debug|x86.ActiveCfg = Debug|x86
		{52C2567A-8B2E-4D36-A591-08DBBE71AAD2}.Debug|x86.Build.0 = Debug|x86
		{52C2567A-8B2E-4D36-A591-08DBBE71AAD2}.DEBUG2|Any CPU.ActiveCfg = Debug|Any CPU
		{52C2567A-8B2E-4D36-A591-08DBBE71AAD2}.DEBUG2|Any CPU.Build.0 = Debug|Any CPU
		{52C2567A-8B2E-4D36-A591-08DBBE71AAD2}.DEBUG2|x64.ActiveCfg = Debug|x64
		{52C2567A-8B2E-4D36-A591-08DBBE71AAD2}.DEBUG2|x64.Build.0 = Debug|x64
		{52C2567A-8B2E-4D36-A591-08DBBE71AAD2}.DEBUG2|x86.ActiveCfg = Debug|x86
		{52C2567A-8B2E-4D36-A591-08DBBE71AAD2}.DEBUG2|x86.Build.0 = Debug|x86
		{52C2567A-8B2E-4D36-A591-08DBBE71AAD2}.DESARROLLO|Any CPU.ActiveCfg = Debug|Any CPU
		{52C2567A-8B2E-4D36-A591-08DBBE71AAD2}.DESARROLLO|Any CPU.Build.0 = Debug|Any CPU
		{52C2567A-8B2E-4D36-A591-08DBBE71AAD2}.DESARROLLO|x64.ActiveCfg = Debug|x64
		{52C2567A-8B2E-4D36-A591-08DBBE71AAD2}.DESARROLLO|x64.Build.0 = Debug|x64
		{52C2567A-8B2E-4D36-A591-08DBBE71AAD2}.DESARROLLO|x86.ActiveCfg = Debug|x86
		{52C2567A-8B2E-4D36-A591-08DBBE71AAD2}.DESARROLLO|x86.Build.0 = Debug|x86
		{52C2567A-8B2E-4D36-A591-08DBBE71AAD2}.MARTE|Any CPU.ActiveCfg = Release|Any CPU
		{52C2567A-8B2E-4D36-A591-08DBBE71AAD2}.MARTE|Any CPU.Build.0 = Release|Any CPU
		{52C2567A-8B2E-4D36-A591-08DBBE71AAD2}.MARTE|x64.ActiveCfg = Release|x64
		{52C2567A-8B2E-4D36-A591-08DBBE71AAD2}.MARTE|x64.Build.0 = Release|x64
		{52C2567A-8B2E-4D36-A591-08DBBE71AAD2}.MARTE|x86.ActiveCfg = Release|x86
		{52C2567A-8B2E-4D36-A591-08DBBE71AAD2}.MARTE|x86.Build.0 = Release|x86
		{52C2567A-8B2E-4D36-A591-08DBBE71AAD2}.PRODUCCION|Any CPU.ActiveCfg = Release|Any CPU
		{52C2567A-8B2E-4D36-A591-08DBBE71AAD2}.PRODUCCION|Any CPU.Build.0 = Release|Any CPU
		{52C2567A-8B2E-4D36-A591-08DBBE71AAD2}.PRODUCCION|x64.ActiveCfg = Release|x64
		{52C2567A-8B2E-4D36-A591-08DBBE71AAD2}.PRODUCCION|x64.Build.0 = Release|x64
		{52C2567A-8B2E-4D36-A591-08DBBE71AAD2}.PRODUCCION|x86.ActiveCfg = Release|x86
		{52C2567A-8B2E-4D36-A591-08DBBE71AAD2}.PRODUCCION|x86.Build.0 = Release|x86
		{52C2567A-8B2E-4D36-A591-08DBBE71AAD2}.QATECNICO|Any CPU.ActiveCfg = Release|Any CPU
		{52C2567A-8B2E-4D36-A591-08DBBE71AAD2}.QATECNICO|Any CPU.Build.0 = Release|Any CPU
		{52C2567A-8B2E-4D36-A591-08DBBE71AAD2}.QATECNICO|x64.ActiveCfg = Release|x64
		{52C2567A-8B2E-4D36-A591-08DBBE71AAD2}.QATECNICO|x64.Build.0 = Release|x64
		{52C2567A-8B2E-4D36-A591-08DBBE71AAD2}.QATECNICO|x86.ActiveCfg = Release|x86
		{52C2567A-8B2E-4D36-A591-08DBBE71AAD2}.QATECNICO|x86.Build.0 = Release|x86
		{52C2567A-8B2E-4D36-A591-08DBBE71AAD2}.Release|Any CPU.ActiveCfg = Release|Any CPU
		{52C2567A-8B2E-4D36-A591-08DBBE71AAD2}.Release|Any CPU.Build.0 = Release|Any CPU
		{52C2567A-8B2E-4D36-A591-08DBBE71AAD2}.Release|x64.ActiveCfg = Release|x64
		{52C2567A-8B2E-4D36-A591-08DBBE71AAD2}.Release|x64.Build.0 = Release|x64
		{52C2567A-8B2E-4D36-A591-08DBBE71AAD2}.Release|x86.ActiveCfg = Release|x86
		{52C2567A-8B2E-4D36-A591-08DBBE71AAD2}.Release|x86.Build.0 = Release|x86
		{52C2567A-8B2E-4D36-A591-08DBBE71AAD2}.URANO|Any CPU.ActiveCfg = Release|Any CPU
		{52C2567A-8B2E-4D36-A591-08DBBE71AAD2}.URANO|Any CPU.Build.0 = Release|Any CPU
		{52C2567A-8B2E-4D36-A591-08DBBE71AAD2}.URANO|x64.ActiveCfg = Release|x64
		{52C2567A-8B2E-4D36-A591-08DBBE71AAD2}.URANO|x64.Build.0 = Release|x64
		{52C2567A-8B2E-4D36-A591-08DBBE71AAD2}.URANO|x86.ActiveCfg = Release|x86
		{52C2567A-8B2E-4D36-A591-08DBBE71AAD2}.URANO|x86.Build.0 = Release|x86
		{18E5D0F5-EBF9-42A9-9AF3-55EAC7F04FD1}.Debug|Any CPU.ActiveCfg = Debug|Any CPU
		{18E5D0F5-EBF9-42A9-9AF3-55EAC7F04FD1}.Debug|Any CPU.Build.0 = Debug|Any CPU
		{18E5D0F5-EBF9-42A9-9AF3-55EAC7F04FD1}.Debug|x64.ActiveCfg = Debug|x64
		{18E5D0F5-EBF9-42A9-9AF3-55EAC7F04FD1}.Debug|x64.Build.0 = Debug|x64
		{18E5D0F5-EBF9-42A9-9AF3-55EAC7F04FD1}.Debug|x86.ActiveCfg = Debug|x86
		{18E5D0F5-EBF9-42A9-9AF3-55EAC7F04FD1}.Debug|x86.Build.0 = Debug|x86
		{18E5D0F5-EBF9-42A9-9AF3-55EAC7F04FD1}.DEBUG2|Any CPU.ActiveCfg = Debug|Any CPU
		{18E5D0F5-EBF9-42A9-9AF3-55EAC7F04FD1}.DEBUG2|Any CPU.Build.0 = Debug|Any CPU
		{18E5D0F5-EBF9-42A9-9AF3-55EAC7F04FD1}.DEBUG2|x64.ActiveCfg = Debug|x64
		{18E5D0F5-EBF9-42A9-9AF3-55EAC7F04FD1}.DEBUG2|x64.Build.0 = Debug|x64
		{18E5D0F5-EBF9-42A9-9AF3-55EAC7F04FD1}.DEBUG2|x86.ActiveCfg = Debug|x86
		{18E5D0F5-EBF9-42A9-9AF3-55EAC7F04FD1}.DEBUG2|x86.Build.0 = Debug|x86
		{18E5D0F5-EBF9-42A9-9AF3-55EAC7F04FD1}.DESARROLLO|Any CPU.ActiveCfg = Debug|Any CPU
		{18E5D0F5-EBF9-42A9-9AF3-55EAC7F04FD1}.DESARROLLO|Any CPU.Build.0 = Debug|Any CPU
		{18E5D0F5-EBF9-42A9-9AF3-55EAC7F04FD1}.DESARROLLO|x64.ActiveCfg = Debug|x64
		{18E5D0F5-EBF9-42A9-9AF3-55EAC7F04FD1}.DESARROLLO|x64.Build.0 = Debug|x64
		{18E5D0F5-EBF9-42A9-9AF3-55EAC7F04FD1}.DESARROLLO|x86.ActiveCfg = Debug|x86
		{18E5D0F5-EBF9-42A9-9AF3-55EAC7F04FD1}.DESARROLLO|x86.Build.0 = Debug|x86
		{18E5D0F5-EBF9-42A9-9AF3-55EAC7F04FD1}.MARTE|Any CPU.ActiveCfg = Release|Any CPU
		{18E5D0F5-EBF9-42A9-9AF3-55EAC7F04FD1}.MARTE|Any CPU.Build.0 = Release|Any CPU
		{18E5D0F5-EBF9-42A9-9AF3-55EAC7F04FD1}.MARTE|x64.ActiveCfg = Release|x64
		{18E5D0F5-EBF9-42A9-9AF3-55EAC7F04FD1}.MARTE|x64.Build.0 = Release|x64
		{18E5D0F5-EBF9-42A9-9AF3-55EAC7F04FD1}.MARTE|x86.ActiveCfg = Release|x86
		{18E5D0F5-EBF9-42A9-9AF3-55EAC7F04FD1}.MARTE|x86.Build.0 = Release|x86
		{18E5D0F5-EBF9-42A9-9AF3-55EAC7F04FD1}.PRODUCCION|Any CPU.ActiveCfg = Release|Any CPU
		{18E5D0F5-EBF9-42A9-9AF3-55EAC7F04FD1}.PRODUCCION|Any CPU.Build.0 = Release|Any CPU
		{18E5D0F5-EBF9-42A9-9AF3-55EAC7F04FD1}.PRODUCCION|x64.ActiveCfg = Release|x64
		{18E5D0F5-EBF9-42A9-9AF3-55EAC7F04FD1}.PRODUCCION|x64.Build.0 = Release|x64
		{18E5D0F5-EBF9-42A9-9AF3-55EAC7F04FD1}.PRODUCCION|x86.ActiveCfg = Release|x86
		{18E5D0F5-EBF9-42A9-9AF3-55EAC7F04FD1}.PRODUCCION|x86.Build.0 = Release|x86
		{18E5D0F5-EBF9-42A9-9AF3-55EAC7F04FD1}.QATECNICO|Any CPU.ActiveCfg = Release|Any CPU
		{18E5D0F5-EBF9-42A9-9AF3-55EAC7F04FD1}.QATECNICO|Any CPU.Build.0 = Release|Any CPU
		{18E5D0F5-EBF9-42A9-9AF3-55EAC7F04FD1}.QATECNICO|x64.ActiveCfg = Release|x64
		{18E5D0F5-EBF9-42A9-9AF3-55EAC7F04FD1}.QATECNICO|x64.Build.0 = Release|x64
		{18E5D0F5-EBF9-42A9-9AF3-55EAC7F04FD1}.QATECNICO|x86.ActiveCfg = Release|x86
		{18E5D0F5-EBF9-42A9-9AF3-55EAC7F04FD1}.QATECNICO|x86.Build.0 = Release|x86
		{18E5D0F5-EBF9-42A9-9AF3-55EAC7F04FD1}.Release|Any CPU.ActiveCfg = Release|Any CPU
		{18E5D0F5-EBF9-42A9-9AF3-55EAC7F04FD1}.Release|Any CPU.Build.0 = Release|Any CPU
		{18E5D0F5-EBF9-42A9-9AF3-55EAC7F04FD1}.Release|x64.ActiveCfg = Release|x64
		{18E5D0F5-EBF9-42A9-9AF3-55EAC7F04FD1}.Release|x64.Build.0 = Release|x64
		{18E5D0F5-EBF9-42A9-9AF3-55EAC7F04FD1}.Release|x86.ActiveCfg = Release|x86
		{18E5D0F5-EBF9-42A9-9AF3-55EAC7F04FD1}.Release|x86.Build.0 = Release|x86
		{18E5D0F5-EBF9-42A9-9AF3-55EAC7F04FD1}.URANO|Any CPU.ActiveCfg = Release|Any CPU
		{18E5D0F5-EBF9-42A9-9AF3-55EAC7F04FD1}.URANO|Any CPU.Build.0 = Release|Any CPU
		{18E5D0F5-EBF9-42A9-9AF3-55EAC7F04FD1}.URANO|x64.ActiveCfg = Release|x64
		{18E5D0F5-EBF9-42A9-9AF3-55EAC7F04FD1}.URANO|x64.Build.0 = Release|x64
		{18E5D0F5-EBF9-42A9-9AF3-55EAC7F04FD1}.URANO|x86.ActiveCfg = Release|x86
		{18E5D0F5-EBF9-42A9-9AF3-55EAC7F04FD1}.URANO|x86.Build.0 = Release|x86
		{C92C2E57-7CDE-422C-9838-3AF9348762FF}.Debug|Any CPU.ActiveCfg = Debug|Any CPU
		{C92C2E57-7CDE-422C-9838-3AF9348762FF}.Debug|Any CPU.Build.0 = Debug|Any CPU
		{C92C2E57-7CDE-422C-9838-3AF9348762FF}.Debug|x64.ActiveCfg = Debug|x64
		{C92C2E57-7CDE-422C-9838-3AF9348762FF}.Debug|x64.Build.0 = Debug|x64
		{C92C2E57-7CDE-422C-9838-3AF9348762FF}.Debug|x86.ActiveCfg = Debug|x86
		{C92C2E57-7CDE-422C-9838-3AF9348762FF}.Debug|x86.Build.0 = Debug|x86
		{C92C2E57-7CDE-422C-9838-3AF9348762FF}.DEBUG2|Any CPU.ActiveCfg = Debug|Any CPU
		{C92C2E57-7CDE-422C-9838-3AF9348762FF}.DEBUG2|Any CPU.Build.0 = Debug|Any CPU
		{C92C2E57-7CDE-422C-9838-3AF9348762FF}.DEBUG2|x64.ActiveCfg = Debug|x64
		{C92C2E57-7CDE-422C-9838-3AF9348762FF}.DEBUG2|x64.Build.0 = Debug|x64
		{C92C2E57-7CDE-422C-9838-3AF9348762FF}.DEBUG2|x86.ActiveCfg = Debug|x86
		{C92C2E57-7CDE-422C-9838-3AF9348762FF}.DEBUG2|x86.Build.0 = Debug|x86
		{C92C2E57-7CDE-422C-9838-3AF9348762FF}.DESARROLLO|Any CPU.ActiveCfg = Debug|Any CPU
		{C92C2E57-7CDE-422C-9838-3AF9348762FF}.DESARROLLO|Any CPU.Build.0 = Debug|Any CPU
		{C92C2E57-7CDE-422C-9838-3AF9348762FF}.DESARROLLO|x64.ActiveCfg = Debug|x64
		{C92C2E57-7CDE-422C-9838-3AF9348762FF}.DESARROLLO|x64.Build.0 = Debug|x64
		{C92C2E57-7CDE-422C-9838-3AF9348762FF}.DESARROLLO|x86.ActiveCfg = Debug|x86
		{C92C2E57-7CDE-422C-9838-3AF9348762FF}.DESARROLLO|x86.Build.0 = Debug|x86
		{C92C2E57-7CDE-422C-9838-3AF9348762FF}.MARTE|Any CPU.ActiveCfg = Release|Any CPU
		{C92C2E57-7CDE-422C-9838-3AF9348762FF}.MARTE|Any CPU.Build.0 = Release|Any CPU
		{C92C2E57-7CDE-422C-9838-3AF9348762FF}.MARTE|x64.ActiveCfg = Release|x64
		{C92C2E57-7CDE-422C-9838-3AF9348762FF}.MARTE|x64.Build.0 = Release|x64
		{C92C2E57-7CDE-422C-9838-3AF9348762FF}.MARTE|x86.ActiveCfg = Release|x86
		{C92C2E57-7CDE-422C-9838-3AF9348762FF}.MARTE|x86.Build.0 = Release|x86
		{C92C2E57-7CDE-422C-9838-3AF9348762FF}.PRODUCCION|Any CPU.ActiveCfg = Release|Any CPU
		{C92C2E57-7CDE-422C-9838-3AF9348762FF}.PRODUCCION|Any CPU.Build.0 = Release|Any CPU
		{C92C2E57-7CDE-422C-9838-3AF9348762FF}.PRODUCCION|x64.ActiveCfg = Release|x64
		{C92C2E57-7CDE-422C-9838-3AF9348762FF}.PRODUCCION|x64.Build.0 = Release|x64
		{C92C2E57-7CDE-422C-9838-3AF9348762FF}.PRODUCCION|x86.ActiveCfg = Release|x86
		{C92C2E57-7CDE-422C-9838-3AF9348762FF}.PRODUCCION|x86.Build.0 = Release|x86
		{C92C2E57-7CDE-422C-9838-3AF9348762FF}.QATECNICO|Any CPU.ActiveCfg = Release|Any CPU
		{C92C2E57-7CDE-422C-9838-3AF9348762FF}.QATECNICO|Any CPU.Build.0 = Release|Any CPU
		{C92C2E57-7CDE-422C-9838-3AF9348762FF}.QATECNICO|x64.ActiveCfg = Release|x64
		{C92C2E57-7CDE-422C-9838-3AF9348762FF}.QATECNICO|x64.Build.0 = Release|x64
		{C92C2E57-7CDE-422C-9838-3AF9348762FF}.QATECNICO|x86.ActiveCfg = Release|x86
		{C92C2E57-7CDE-422C-9838-3AF9348762FF}.QATECNICO|x86.Build.0 = Release|x86
		{C92C2E57-7CDE-422C-9838-3AF9348762FF}.Release|Any CPU.ActiveCfg = Release|Any CPU
		{C92C2E57-7CDE-422C-9838-3AF9348762FF}.Release|Any CPU.Build.0 = Release|Any CPU
		{C92C2E57-7CDE-422C-9838-3AF9348762FF}.Release|x64.ActiveCfg = Release|x64
		{C92C2E57-7CDE-422C-9838-3AF9348762FF}.Release|x64.Build.0 = Release|x64
		{C92C2E57-7CDE-422C-9838-3AF9348762FF}.Release|x86.ActiveCfg = Release|x86
		{C92C2E57-7CDE-422C-9838-3AF9348762FF}.Release|x86.Build.0 = Release|x86
		{C92C2E57-7CDE-422C-9838-3AF9348762FF}.URANO|Any CPU.ActiveCfg = Release|Any CPU
		{C92C2E57-7CDE-422C-9838-3AF9348762FF}.URANO|Any CPU.Build.0 = Release|Any CPU
		{C92C2E57-7CDE-422C-9838-3AF9348762FF}.URANO|x64.ActiveCfg = Release|x64
		{C92C2E57-7CDE-422C-9838-3AF9348762FF}.URANO|x64.Build.0 = Release|x64
		{C92C2E57-7CDE-422C-9838-3AF9348762FF}.URANO|x86.ActiveCfg = Release|x86
		{C92C2E57-7CDE-422C-9838-3AF9348762FF}.URANO|x86.Build.0 = Release|x86
		{E9F128FD-A541-42B0-9880-F067FAB8B490}.Debug|Any CPU.ActiveCfg = Debug|Any CPU
		{E9F128FD-A541-42B0-9880-F067FAB8B490}.Debug|Any CPU.Build.0 = Debug|Any CPU
		{E9F128FD-A541-42B0-9880-F067FAB8B490}.Debug|x64.ActiveCfg = Debug|x64
		{E9F128FD-A541-42B0-9880-F067FAB8B490}.Debug|x64.Build.0 = Debug|x64
		{E9F128FD-A541-42B0-9880-F067FAB8B490}.Debug|x86.ActiveCfg = Debug|x86
		{E9F128FD-A541-42B0-9880-F067FAB8B490}.Debug|x86.Build.0 = Debug|x86
		{E9F128FD-A541-42B0-9880-F067FAB8B490}.DEBUG2|Any CPU.ActiveCfg = Debug|Any CPU
		{E9F128FD-A541-42B0-9880-F067FAB8B490}.DEBUG2|Any CPU.Build.0 = Debug|Any CPU
		{E9F128FD-A541-42B0-9880-F067FAB8B490}.DEBUG2|x64.ActiveCfg = Debug|x64
		{E9F128FD-A541-42B0-9880-F067FAB8B490}.DEBUG2|x64.Build.0 = Debug|x64
		{E9F128FD-A541-42B0-9880-F067FAB8B490}.DEBUG2|x86.ActiveCfg = Debug|x86
		{E9F128FD-A541-42B0-9880-F067FAB8B490}.DEBUG2|x86.Build.0 = Debug|x86
		{E9F128FD-A541-42B0-9880-F067FAB8B490}.DESARROLLO|Any CPU.ActiveCfg = Debug|Any CPU
		{E9F128FD-A541-42B0-9880-F067FAB8B490}.DESARROLLO|Any CPU.Build.0 = Debug|Any CPU
		{E9F128FD-A541-42B0-9880-F067FAB8B490}.DESARROLLO|x64.ActiveCfg = Debug|x64
		{E9F128FD-A541-42B0-9880-F067FAB8B490}.DESARROLLO|x64.Build.0 = Debug|x64
		{E9F128FD-A541-42B0-9880-F067FAB8B490}.DESARROLLO|x86.ActiveCfg = Debug|x86
		{E9F128FD-A541-42B0-9880-F067FAB8B490}.DESARROLLO|x86.Build.0 = Debug|x86
		{E9F128FD-A541-42B0-9880-F067FAB8B490}.MARTE|Any CPU.ActiveCfg = Release|Any CPU
		{E9F128FD-A541-42B0-9880-F067FAB8B490}.MARTE|Any CPU.Build.0 = Release|Any CPU
		{E9F128FD-A541-42B0-9880-F067FAB8B490}.MARTE|x64.ActiveCfg = Release|x64
		{E9F128FD-A541-42B0-9880-F067FAB8B490}.MARTE|x64.Build.0 = Release|x64
		{E9F128FD-A541-42B0-9880-F067FAB8B490}.MARTE|x86.ActiveCfg = Release|x86
		{E9F128FD-A541-42B0-9880-F067FAB8B490}.MARTE|x86.Build.0 = Release|x86
		{E9F128FD-A541-42B0-9880-F067FAB8B490}.PRODUCCION|Any CPU.ActiveCfg = Release|Any CPU
		{E9F128FD-A541-42B0-9880-F067FAB8B490}.PRODUCCION|Any CPU.Build.0 = Release|Any CPU
		{E9F128FD-A541-42B0-9880-F067FAB8B490}.PRODUCCION|x64.ActiveCfg = Release|x64
		{E9F128FD-A541-42B0-9880-F067FAB8B490}.PRODUCCION|x64.Build.0 = Release|x64
		{E9F128FD-A541-42B0-9880-F067FAB8B490}.PRODUCCION|x86.ActiveCfg = Release|x86
		{E9F128FD-A541-42B0-9880-F067FAB8B490}.PRODUCCION|x86.Build.0 = Release|x86
		{E9F128FD-A541-42B0-9880-F067FAB8B490}.QATECNICO|Any CPU.ActiveCfg = Release|Any CPU
		{E9F128FD-A541-42B0-9880-F067FAB8B490}.QATECNICO|Any CPU.Build.0 = Release|Any CPU
		{E9F128FD-A541-42B0-9880-F067FAB8B490}.QATECNICO|x64.ActiveCfg = Release|x64
		{E9F128FD-A541-42B0-9880-F067FAB8B490}.QATECNICO|x64.Build.0 = Release|x64
		{E9F128FD-A541-42B0-9880-F067FAB8B490}.QATECNICO|x86.ActiveCfg = Release|x86
		{E9F128FD-A541-42B0-9880-F067FAB8B490}.QATECNICO|x86.Build.0 = Release|x86
		{E9F128FD-A541-42B0-9880-F067FAB8B490}.Release|Any CPU.ActiveCfg = Release|Any CPU
		{E9F128FD-A541-42B0-9880-F067FAB8B490}.Release|Any CPU.Build.0 = Release|Any CPU
		{E9F128FD-A541-42B0-9880-F067FAB8B490}.Release|x64.ActiveCfg = Release|x64
		{E9F128FD-A541-42B0-9880-F067FAB8B490}.Release|x64.Build.0 = Release|x64
		{E9F128FD-A541-42B0-9880-F067FAB8B490}.Release|x86.ActiveCfg = Release|x86
		{E9F128FD-A541-42B0-9880-F067FAB8B490}.Release|x86.Build.0 = Release|x86
		{E9F128FD-A541-42B0-9880-F067FAB8B490}.URANO|Any CPU.ActiveCfg = Release|Any CPU
		{E9F128FD-A541-42B0-9880-F067FAB8B490}.URANO|Any CPU.Build.0 = Release|Any CPU
		{E9F128FD-A541-42B0-9880-F067FAB8B490}.URANO|x64.ActiveCfg = Release|x64
		{E9F128FD-A541-42B0-9880-F067FAB8B490}.URANO|x64.Build.0 = Release|x64
		{E9F128FD-A541-42B0-9880-F067FAB8B490}.URANO|x86.ActiveCfg = Release|x86
		{E9F128FD-A541-42B0-9880-F067FAB8B490}.URANO|x86.Build.0 = Release|x86
	EndGlobalSection
	GlobalSection(SolutionProperties) = preSolution
		HideSolutionNode = FALSE
	EndGlobalSection
EndGlobal
